
Microsoft Visual Studio Solution File, Format Version 12.00
# Visual Studio Version 16
VisualStudioVersion = 16.0.30907.101
MinimumVisualStudioVersion = 10.0.40219.1
Project("{FAE04EC0-301F-11D3-BF4B-00C04F79EFBC}") = "geom5", "geom5\geom5.csproj", "{D92E8EFB-84F1-4CC5-B4B7-2169D55E5B00}"
EndProject
Global
	GlobalSection(SolutionConfigurationPlatforms) = preSolution
		Debug|Any CPU = Debug|Any CPU
		Release|Any CPU = Release|Any CPU
	EndGlobalSection
	GlobalSection(ProjectConfigurationPlatforms) = postSolution
		{D92E8EFB-84F1-4CC5-B4B7-2169D55E5B00}.Debug|Any CPU.ActiveCfg = Debug|Any CPU
		{D92E8EFB-84F1-4CC5-B4B7-2169D55E5B00}.Debug|Any CPU.Build.0 = Debug|Any CPU
		{D92E8EFB-84F1-4CC5-B4B7-2169D55E5B00}.Release|Any CPU.ActiveCfg = Release|Any CPU
		{D92E8EFB-84F1-4CC5-B4B7-2169D55E5B00}.Release|Any CPU.Build.0 = Release|Any CPU
	EndGlobalSection
	GlobalSection(SolutionProperties) = preSolution
		HideSolutionNode = FALSE
	EndGlobalSection
	GlobalSection(ExtensibilityGlobals) = postSolution
		SolutionGuid = {7A7FDEE9-EFD8-4848-9304-99B9D1C6A5A2}
	EndGlobalSection
EndGlobal
